
Microsoft Visual Studio Solution File, Format Version 12.00
# Visual Studio Version 17
VisualStudioVersion = 17.10.34928.147
MinimumVisualStudioVersion = 10.0.40219.1
Project("{FAE04EC0-301F-11D3-BF4B-00C04F79EFBC}") = "odev 6", "odev 6\odev 6.csproj", "{F01A0C7F-68B0-4E97-A0CF-DF7D1F2DFDD3}"
EndProject
Global
	GlobalSection(SolutionConfigurationPlatforms) = preSolution
		Debug|Any CPU = Debug|Any CPU
		Release|Any CPU = Release|Any CPU
	EndGlobalSection
	GlobalSection(ProjectConfigurationPlatforms) = postSolution
		{F01A0C7F-68B0-4E97-A0CF-DF7D1F2DFDD3}.Debug|Any CPU.ActiveCfg = Debug|Any CPU
		{F01A0C7F-68B0-4E97-A0CF-DF7D1F2DFDD3}.Debug|Any CPU.Build.0 = Debug|Any CPU
		{F01A0C7F-68B0-4E97-A0CF-DF7D1F2DFDD3}.Release|Any CPU.ActiveCfg = Release|Any CPU
		{F01A0C7F-68B0-4E97-A0CF-DF7D1F2DFDD3}.Release|Any CPU.Build.0 = Release|Any CPU
	EndGlobalSection
	GlobalSection(SolutionProperties) = preSolution
		HideSolutionNode = FALSE
	EndGlobalSection
	GlobalSection(ExtensibilityGlobals) = postSolution
		SolutionGuid = {2DE73BF9-5901-4411-A26F-7D97A3B5868E}
	EndGlobalSection
EndGlobal
